// !$*UTF8*$!
{
	archiveVersion = 1;
	classes = {
	};
	objectVersion = 56;
	objects = {

/* Begin PBXBuildFile section */
		F8EEC9FC2C076F5C0078C9B9 /* DailyDoodleChallengeApp.swift in Sources */ = {isa = PBXBuildFile; fileRef = F8EEC9FB2C076F5C0078C9B9 /* DailyDoodleChallengeApp.swift */; };
		F8EEC9FE2C076F5C0078C9B9 /* ContentView.swift in Sources */ = {isa = PBXBuildFile; fileRef = F8EEC9FD2C076F5C0078C9B9 /* ContentView.swift */; };
		F8EECA002C076F610078C9B9 /* Assets.xcassets in Resources */ = {isa = PBXBuildFile; fileRef = F8EEC9FF2C076F610078C9B9 /* Assets.xcassets */; };
		F8EECA032C076F610078C9B9 /* Preview Assets.xcassets in Resources */ = {isa = PBXBuildFile; fileRef = F8EECA022C076F610078C9B9 /* Preview Assets.xcassets */; };
		F8EECA0D2C076F610078C9B9 /* DailyDoodleChallengeTests.swift in Sources */ = {isa = PBXBuildFile; fileRef = F8EECA0C2C076F610078C9B9 /* DailyDoodleChallengeTests.swift */; };
		F8EECA172C076F610078C9B9 /* DailyDoodleChallengeUITests.swift in Sources */ = {isa = PBXBuildFile; fileRef = F8EECA162C076F610078C9B9 /* DailyDoodleChallengeUITests.swift */; };
		F8EECA192C076F620078C9B9 /* DailyDoodleChallengeUITestsLaunchTests.swift in Sources */ = {isa = PBXBuildFile; fileRef = F8EECA182C076F620078C9B9 /* DailyDoodleChallengeUITestsLaunchTests.swift */; };
		F8EECA262C076F980078C9B9 /* DoodleChallenge.swift in Sources */ = {isa = PBXBuildFile; fileRef = F8EECA252C076F980078C9B9 /* DoodleChallenge.swift */; };
		F8EECA282C076FB80078C9B9 /* ChallengeViewModel.swift in Sources */ = {isa = PBXBuildFile; fileRef = F8EECA272C076FB80078C9B9 /* ChallengeViewModel.swift */; };
		F8EECA2A2C07734E0078C9B9 /* DrawingView.swift in Sources */ = {isa = PBXBuildFile; fileRef = F8EECA292C07734E0078C9B9 /* DrawingView.swift */; };
		F8EECA2C2C07792B0078C9B9 /* ShareSheet.swift in Sources */ = {isa = PBXBuildFile; fileRef = F8EECA2B2C07792B0078C9B9 /* ShareSheet.swift */; };
		F8EECA2E2C077C120078C9B9 /* StorageManager.swift in Sources */ = {isa = PBXBuildFile; fileRef = F8EECA2D2C077C120078C9B9 /* StorageManager.swift */; };
		F8EECA302C077C870078C9B9 /* SavedDoodlesView.swift in Sources */ = {isa = PBXBuildFile; fileRef = F8EECA2F2C077C870078C9B9 /* SavedDoodlesView.swift */; };
/* End PBXBuildFile section */

/* Begin PBXContainerItemProxy section */
		F8EECA092C076F610078C9B9 /* PBXContainerItemProxy */ = {
			isa = PBXContainerItemProxy;
			containerPortal = F8EEC9F02C076F5C0078C9B9 /* Project object */;
			proxyType = 1;
			remoteGlobalIDString = F8EEC9F72C076F5C0078C9B9;
			remoteInfo = DailyDoodleChallenge;
		};
		F8EECA132C076F610078C9B9 /* PBXContainerItemProxy */ = {
			isa = PBXContainerItemProxy;
			containerPortal = F8EEC9F02C076F5C0078C9B9 /* Project object */;
			proxyType = 1;
			remoteGlobalIDString = F8EEC9F72C076F5C0078C9B9;
			remoteInfo = DailyDoodleChallenge;
		};
/* End PBXContainerItemProxy section */

/* Begin PBXFileReference section */
		F8EEC9F82C076F5C0078C9B9 /* DailyDoodleChallenge.app */ = {isa = PBXFileReference; explicitFileType = wrapper.application; includeInIndex = 0; path = DailyDoodleChallenge.app; sourceTree = BUILT_PRODUCTS_DIR; };
		F8EEC9FB2C076F5C0078C9B9 /* DailyDoodleChallengeApp.swift */ = {isa = PBXFileReference; lastKnownFileType = sourcecode.swift; path = DailyDoodleChallengeApp.swift; sourceTree = "<group>"; };
		F8EEC9FD2C076F5C0078C9B9 /* ContentView.swift */ = {isa = PBXFileReference; lastKnownFileType = sourcecode.swift; path = ContentView.swift; sourceTree = "<group>"; };
		F8EEC9FF2C076F610078C9B9 /* Assets.xcassets */ = {isa = PBXFileReference; lastKnownFileType = folder.assetcatalog; path = Assets.xcassets; sourceTree = "<group>"; };
		F8EECA022C076F610078C9B9 /* Preview Assets.xcassets */ = {isa = PBXFileReference; lastKnownFileType = folder.assetcatalog; path = "Preview Assets.xcassets"; sourceTree = "<group>"; };
		F8EECA082C076F610078C9B9 /* DailyDoodleChallengeTests.xctest */ = {isa = PBXFileReference; explicitFileType = wrapper.cfbundle; includeInIndex = 0; path = DailyDoodleChallengeTests.xctest; sourceTree = BUILT_PRODUCTS_DIR; };
		F8EECA0C2C076F610078C9B9 /* DailyDoodleChallengeTests.swift */ = {isa = PBXFileReference; lastKnownFileType = sourcecode.swift; path = DailyDoodleChallengeTests.swift; sourceTree = "<group>"; };
		F8EECA122C076F610078C9B9 /* DailyDoodleChallengeUITests.xctest */ = {isa = PBXFileReference; explicitFileType = wrapper.cfbundle; includeInIndex = 0; path = DailyDoodleChallengeUITests.xctest; sourceTree = BUILT_PRODUCTS_DIR; };
		F8EECA162C076F610078C9B9 /* DailyDoodleChallengeUITests.swift */ = {isa = PBXFileReference; lastKnownFileType = sourcecode.swift; path = DailyDoodleChallengeUITests.swift; sourceTree = "<group>"; };
		F8EECA182C076F620078C9B9 /* DailyDoodleChallengeUITestsLaunchTests.swift */ = {isa = PBXFileReference; lastKnownFileType = sourcecode.swift; path = DailyDoodleChallengeUITestsLaunchTests.swift; sourceTree = "<group>"; };
		F8EECA252C076F980078C9B9 /* DoodleChallenge.swift */ = {isa = PBXFileReference; lastKnownFileType = sourcecode.swift; path = DoodleChallenge.swift; sourceTree = "<group>"; };
		F8EECA272C076FB80078C9B9 /* ChallengeViewModel.swift */ = {isa = PBXFileReference; lastKnownFileType = sourcecode.swift; path = ChallengeViewModel.swift; sourceTree = "<group>"; };
		F8EECA292C07734E0078C9B9 /* DrawingView.swift */ = {isa = PBXFileReference; lastKnownFileType = sourcecode.swift; path = DrawingView.swift; sourceTree = "<group>"; };
		F8EECA2B2C07792B0078C9B9 /* ShareSheet.swift */ = {isa = PBXFileReference; lastKnownFileType = sourcecode.swift; path = ShareSheet.swift; sourceTree = "<group>"; };
		F8EECA2D2C077C120078C9B9 /* StorageManager.swift */ = {isa = PBXFileReference; lastKnownFileType = sourcecode.swift; path = StorageManager.swift; sourceTree = "<group>"; };
		F8EECA2F2C077C870078C9B9 /* SavedDoodlesView.swift */ = {isa = PBXFileReference; lastKnownFileType = sourcecode.swift; path = SavedDoodlesView.swift; sourceTree = "<group>"; };
/* End PBXFileReference section */

/* Begin PBXFrameworksBuildPhase section */
		F8EEC9F52C076F5C0078C9B9 /* Frameworks */ = {
			isa = PBXFrameworksBuildPhase;
			buildActionMask = 2147483647;
			files = (
			);
			runOnlyForDeploymentPostprocessing = 0;
		};
		F8EECA052C076F610078C9B9 /* Frameworks */ = {
			isa = PBXFrameworksBuildPhase;
			buildActionMask = 2147483647;
			files = (
			);
			runOnlyForDeploymentPostprocessing = 0;
		};
		F8EECA0F2C076F610078C9B9 /* Frameworks */ = {
			isa = PBXFrameworksBuildPhase;
			buildActionMask = 2147483647;
			files = (
			);
			runOnlyForDeploymentPostprocessing = 0;
		};
/* End PBXFrameworksBuildPhase section */

/* Begin PBXGroup section */
		F8EEC9EF2C076F5C0078C9B9 = {
			isa = PBXGroup;
			children = (
				F8EEC9FA2C076F5C0078C9B9 /* DailyDoodleChallenge */,
				F8EECA0B2C076F610078C9B9 /* DailyDoodleChallengeTests */,
				F8EECA152C076F610078C9B9 /* DailyDoodleChallengeUITests */,
				F8EEC9F92C076F5C0078C9B9 /* Products */,
			);
			sourceTree = "<group>";
		};
		F8EEC9F92C076F5C0078C9B9 /* Products */ = {
			isa = PBXGroup;
			children = (
				F8EEC9F82C076F5C0078C9B9 /* DailyDoodleChallenge.app */,
				F8EECA082C076F610078C9B9 /* DailyDoodleChallengeTests.xctest */,
				F8EECA122C076F610078C9B9 /* DailyDoodleChallengeUITests.xctest */,
			);
			name = Products;
			sourceTree = "<group>";
		};
		F8EEC9FA2C076F5C0078C9B9 /* DailyDoodleChallenge */ = {
			isa = PBXGroup;
			children = (
				F8EEC9FB2C076F5C0078C9B9 /* DailyDoodleChallengeApp.swift */,
				F8EEC9FD2C076F5C0078C9B9 /* ContentView.swift */,
				F8EECA2D2C077C120078C9B9 /* StorageManager.swift */,
				F8EECA2F2C077C870078C9B9 /* SavedDoodlesView.swift */,
				F8EECA252C076F980078C9B9 /* DoodleChallenge.swift */,
				F8EECA272C076FB80078C9B9 /* ChallengeViewModel.swift */,
				F8EECA2B2C07792B0078C9B9 /* ShareSheet.swift */,
				F8EECA292C07734E0078C9B9 /* DrawingView.swift */,
				F8EEC9FF2C076F610078C9B9 /* Assets.xcassets */,
				F8EECA012C076F610078C9B9 /* Preview Content */,
			);
			path = DailyDoodleChallenge;
			sourceTree = "<group>";
		};
		F8EECA012C076F610078C9B9 /* Preview Content */ = {
			isa = PBXGroup;
			children = (
				F8EECA022C076F610078C9B9 /* Preview Assets.xcassets */,
			);
			path = "Preview Content";
			sourceTree = "<group>";
		};
		F8EECA0B2C076F610078C9B9 /* DailyDoodleChallengeTests */ = {
			isa = PBXGroup;
			children = (
				F8EECA0C2C076F610078C9B9 /* DailyDoodleChallengeTests.swift */,
			);
			path = DailyDoodleChallengeTests;
			sourceTree = "<group>";
		};
		F8EECA152C076F610078C9B9 /* DailyDoodleChallengeUITests */ = {
			isa = PBXGroup;
			children = (
				F8EECA162C076F610078C9B9 /* DailyDoodleChallengeUITests.swift */,
				F8EECA182C076F620078C9B9 /* DailyDoodleChallengeUITestsLaunchTests.swift */,
			);
			path = DailyDoodleChallengeUITests;
			sourceTree = "<group>";
		};
/* End PBXGroup section */

/* Begin PBXNativeTarget section */
		F8EEC9F72C076F5C0078C9B9 /* DailyDoodleChallenge */ = {
			isa = PBXNativeTarget;
			buildConfigurationList = F8EECA1C2C076F620078C9B9 /* Build configuration list for PBXNativeTarget "DailyDoodleChallenge" */;
			buildPhases = (
				F8EEC9F42C076F5C0078C9B9 /* Sources */,
				F8EEC9F52C076F5C0078C9B9 /* Frameworks */,
				F8EEC9F62C076F5C0078C9B9 /* Resources */,
			);
			buildRules = (
			);
			dependencies = (
			);
			name = DailyDoodleChallenge;
			productName = DailyDoodleChallenge;
			productReference = F8EEC9F82C076F5C0078C9B9 /* DailyDoodleChallenge.app */;
			productType = "com.apple.product-type.application";
		};
		F8EECA072C076F610078C9B9 /* DailyDoodleChallengeTests */ = {
			isa = PBXNativeTarget;
			buildConfigurationList = F8EECA1F2C076F620078C9B9 /* Build configuration list for PBXNativeTarget "DailyDoodleChallengeTests" */;
			buildPhases = (
				F8EECA042C076F610078C9B9 /* Sources */,
				F8EECA052C076F610078C9B9 /* Frameworks */,
				F8EECA062C076F610078C9B9 /* Resources */,
			);
			buildRules = (
			);
			dependencies = (
				F8EECA0A2C076F610078C9B9 /* PBXTargetDependency */,
			);
			name = DailyDoodleChallengeTests;
			productName = DailyDoodleChallengeTests;
			productReference = F8EECA082C076F610078C9B9 /* DailyDoodleChallengeTests.xctest */;
			productType = "com.apple.product-type.bundle.unit-test";
		};
		F8EECA112C076F610078C9B9 /* DailyDoodleChallengeUITests */ = {
			isa = PBXNativeTarget;
			buildConfigurationList = F8EECA222C076F620078C9B9 /* Build configuration list for PBXNativeTarget "DailyDoodleChallengeUITests" */;
			buildPhases = (
				F8EECA0E2C076F610078C9B9 /* Sources */,
				F8EECA0F2C076F610078C9B9 /* Frameworks */,
				F8EECA102C076F610078C9B9 /* Resources */,
			);
			buildRules = (
			);
			dependencies = (
				F8EECA142C076F610078C9B9 /* PBXTargetDependency */,
			);
			name = DailyDoodleChallengeUITests;
			productName = DailyDoodleChallengeUITests;
			productReference = F8EECA122C076F610078C9B9 /* DailyDoodleChallengeUITests.xctest */;
			productType = "com.apple.product-type.bundle.ui-testing";
		};
/* End PBXNativeTarget section */

/* Begin PBXProject section */
		F8EEC9F02C076F5C0078C9B9 /* Project object */ = {
			isa = PBXProject;
			attributes = {
				BuildIndependentTargetsInParallel = 1;
				LastSwiftUpdateCheck = 1520;
				LastUpgradeCheck = 1520;
				TargetAttributes = {
					F8EEC9F72C076F5C0078C9B9 = {
						CreatedOnToolsVersion = 15.2;
					};
					F8EECA072C076F610078C9B9 = {
						CreatedOnToolsVersion = 15.2;
						TestTargetID = F8EEC9F72C076F5C0078C9B9;
					};
					F8EECA112C076F610078C9B9 = {
						CreatedOnToolsVersion = 15.2;
						TestTargetID = F8EEC9F72C076F5C0078C9B9;
					};
				};
			};
			buildConfigurationList = F8EEC9F32C076F5C0078C9B9 /* Build configuration list for PBXProject "DailyDoodleChallenge" */;
			compatibilityVersion = "Xcode 14.0";
			developmentRegion = en;
			hasScannedForEncodings = 0;
			knownRegions = (
				en,
				Base,
			);
			mainGroup = F8EEC9EF2C076F5C0078C9B9;
			productRefGroup = F8EEC9F92C076F5C0078C9B9 /* Products */;
			projectDirPath = "";
			projectRoot = "";
			targets = (
				F8EEC9F72C076F5C0078C9B9 /* DailyDoodleChallenge */,
				F8EECA072C076F610078C9B9 /* DailyDoodleChallengeTests */,
				F8EECA112C076F610078C9B9 /* DailyDoodleChallengeUITests */,
			);
		};
/* End PBXProject section */

/* Begin PBXResourcesBuildPhase section */
		F8EEC9F62C076F5C0078C9B9 /* Resources */ = {
			isa = PBXResourcesBuildPhase;
			buildActionMask = 2147483647;
			files = (
				F8EECA032C076F610078C9B9 /* Preview Assets.xcassets in Resources */,
				F8EECA002C076F610078C9B9 /* Assets.xcassets in Resources */,
			);
			runOnlyForDeploymentPostprocessing = 0;
		};
		F8EECA062C076F610078C9B9 /* Resources */ = {
			isa = PBXResourcesBuildPhase;
			buildActionMask = 2147483647;
			files = (
			);
			runOnlyForDeploymentPostprocessing = 0;
		};
		F8EECA102C076F610078C9B9 /* Resources */ = {
			isa = PBXResourcesBuildPhase;
			buildActionMask = 2147483647;
			files = (
			);
			runOnlyForDeploymentPostprocessing = 0;
		};
/* End PBXResourcesBuildPhase section */

/* Begin PBXSourcesBuildPhase section */
		F8EEC9F42C076F5C0078C9B9 /* Sources */ = {
			isa = PBXSourcesBuildPhase;
			buildActionMask = 2147483647;
			files = (
				F8EEC9FE2C076F5C0078C9B9 /* ContentView.swift in Sources */,
				F8EECA302C077C870078C9B9 /* SavedDoodlesView.swift in Sources */,
				F8EECA2C2C07792B0078C9B9 /* ShareSheet.swift in Sources */,
				F8EECA262C076F980078C9B9 /* DoodleChallenge.swift in Sources */,
				F8EECA2E2C077C120078C9B9 /* StorageManager.swift in Sources */,
				F8EECA2A2C07734E0078C9B9 /* DrawingView.swift in Sources */,
				F8EECA282C076FB80078C9B9 /* ChallengeViewModel.swift in Sources */,
				F8EEC9FC2C076F5C0078C9B9 /* DailyDoodleChallengeApp.swift in Sources */,
			);
			runOnlyForDeploymentPostprocessing = 0;
		};
		F8EECA042C076F610078C9B9 /* Sources */ = {
			isa = PBXSourcesBuildPhase;
			buildActionMask = 2147483647;
			files = (
				F8EECA0D2C076F610078C9B9 /* DailyDoodleChallengeTests.swift in Sources */,
			);
			runOnlyForDeploymentPostprocessing = 0;
		};
		F8EECA0E2C076F610078C9B9 /* Sources */ = {
			isa = PBXSourcesBuildPhase;
			buildActionMask = 2147483647;
			files = (
				F8EECA172C076F610078C9B9 /* DailyDoodleChallengeUITests.swift in Sources */,
				F8EECA192C076F620078C9B9 /* DailyDoodleChallengeUITestsLaunchTests.swift in Sources */,
			);
			runOnlyForDeploymentPostprocessing = 0;
		};
/* End PBXSourcesBuildPhase section */

/* Begin PBXTargetDependency section */
		F8EECA0A2C076F610078C9B9 /* PBXTargetDependency */ = {
			isa = PBXTargetDependency;
			target = F8EEC9F72C076F5C0078C9B9 /* DailyDoodleChallenge */;
			targetProxy = F8EECA092C076F610078C9B9 /* PBXContainerItemProxy */;
		};
		F8EECA142C076F610078C9B9 /* PBXTargetDependency */ = {
			isa = PBXTargetDependency;
			target = F8EEC9F72C076F5C0078C9B9 /* DailyDoodleChallenge */;
			targetProxy = F8EECA132C076F610078C9B9 /* PBXContainerItemProxy */;
		};
/* End PBXTargetDependency section */

/* Begin XCBuildConfiguration section */
		F8EECA1A2C076F620078C9B9 /* Debug */ = {
			isa = XCBuildConfiguration;
			buildSettings = {
				ALWAYS_SEARCH_USER_PATHS = NO;
				ASSETCATALOG_COMPILER_GENERATE_SWIFT_ASSET_SYMBOL_EXTENSIONS = YES;
				CLANG_ANALYZER_NONNULL = YES;
				CLANG_ANALYZER_NUMBER_OBJECT_CONVERSION = YES_AGGRESSIVE;
				CLANG_CXX_LANGUAGE_STANDARD = "gnu++20";
				CLANG_ENABLE_MODULES = YES;
				CLANG_ENABLE_OBJC_ARC = YES;
				CLANG_ENABLE_OBJC_WEAK = YES;
				CLANG_WARN_BLOCK_CAPTURE_AUTORELEASING = YES;
				CLANG_WARN_BOOL_CONVERSION = YES;
				CLANG_WARN_COMMA = YES;
				CLANG_WARN_CONSTANT_CONVERSION = YES;
				CLANG_WARN_DEPRECATED_OBJC_IMPLEMENTATIONS = YES;
				CLANG_WARN_DIRECT_OBJC_ISA_USAGE = YES_ERROR;
				CLANG_WARN_DOCUMENTATION_COMMENTS = YES;
				CLANG_WARN_EMPTY_BODY = YES;
				CLANG_WARN_ENUM_CONVERSION = YES;
				CLANG_WARN_INFINITE_RECURSION = YES;
				CLANG_WARN_INT_CONVERSION = YES;
				CLANG_WARN_NON_LITERAL_NULL_CONVERSION = YES;
				CLANG_WARN_OBJC_IMPLICIT_RETAIN_SELF = YES;
				CLANG_WARN_OBJC_LITERAL_CONVERSION = YES;
				CLANG_WARN_OBJC_ROOT_CLASS = YES_ERROR;
				CLANG_WARN_QUOTED_INCLUDE_IN_FRAMEWORK_HEADER = YES;
				CLANG_WARN_RANGE_LOOP_ANALYSIS = YES;
				CLANG_WARN_STRICT_PROTOTYPES = YES;
				CLANG_WARN_SUSPICIOUS_MOVE = YES;
				CLANG_WARN_UNGUARDED_AVAILABILITY = YES_AGGRESSIVE;
				CLANG_WARN_UNREACHABLE_CODE = YES;
				CLANG_WARN__DUPLICATE_METHOD_MATCH = YES;
				COPY_PHASE_STRIP = NO;
				DEBUG_INFORMATION_FORMAT = dwarf;
				ENABLE_STRICT_OBJC_MSGSEND = YES;
				ENABLE_TESTABILITY = YES;
				ENABLE_USER_SCRIPT_SANDBOXING = YES;
				GCC_C_LANGUAGE_STANDARD = gnu17;
				GCC_DYNAMIC_NO_PIC = NO;
				GCC_NO_COMMON_BLOCKS = YES;
				GCC_OPTIMIZATION_LEVEL = 0;
				GCC_PREPROCESSOR_DEFINITIONS = (
					"DEBUG=1",
					"$(inherited)",
				);
				GCC_WARN_64_TO_32_BIT_CONVERSION = YES;
				GCC_WARN_ABOUT_RETURN_TYPE = YES_ERROR;
				GCC_WARN_UNDECLARED_SELECTOR = YES;
				GCC_WARN_UNINITIALIZED_AUTOS = YES_AGGRESSIVE;
				GCC_WARN_UNUSED_FUNCTION = YES;
				GCC_WARN_UNUSED_VARIABLE = YES;
				IPHONEOS_DEPLOYMENT_TARGET = 17.2;
				LOCALIZATION_PREFERS_STRING_CATALOGS = YES;
				MTL_ENABLE_DEBUG_INFO = INCLUDE_SOURCE;
				MTL_FAST_MATH = YES;
				ONLY_ACTIVE_ARCH = YES;
				SDKROOT = iphoneos;
				SWIFT_ACTIVE_COMPILATION_CONDITIONS = "DEBUG $(inherited)";
				SWIFT_OPTIMIZATION_LEVEL = "-Onone";
			};
			name = Debug;
		};
		F8EECA1B2C076F620078C9B9 /* Release */ = {
			isa = XCBuildConfiguration;
			buildSettings = {
				ALWAYS_SEARCH_USER_PATHS = NO;
				ASSETCATALOG_COMPILER_GENERATE_SWIFT_ASSET_SYMBOL_EXTENSIONS = YES;
				CLANG_ANALYZER_NONNULL = YES;
				CLANG_ANALYZER_NUMBER_OBJECT_CONVERSION = YES_AGGRESSIVE;
				CLANG_CXX_LANGUAGE_STANDARD = "gnu++20";
				CLANG_ENABLE_MODULES = YES;
				CLANG_ENABLE_OBJC_ARC = YES;
				CLANG_ENABLE_OBJC_WEAK = YES;
				CLANG_WARN_BLOCK_CAPTURE_AUTORELEASING = YES;
				CLANG_WARN_BOOL_CONVERSION = YES;
				CLANG_WARN_COMMA = YES;
				CLANG_WARN_CONSTANT_CONVERSION = YES;
				CLANG_WARN_DEPRECATED_OBJC_IMPLEMENTATIONS = YES;
				CLANG_WARN_DIRECT_OBJC_ISA_USAGE = YES_ERROR;
				CLANG_WARN_DOCUMENTATION_COMMENTS = YES;
				CLANG_WARN_EMPTY_BODY = YES;
				CLANG_WARN_ENUM_CONVERSION = YES;
				CLANG_WARN_INFINITE_RECURSION = YES;
				CLANG_WARN_INT_CONVERSION = YES;
				CLANG_WARN_NON_LITERAL_NULL_CONVERSION = YES;
				CLANG_WARN_OBJC_IMPLICIT_RETAIN_SELF = YES;
				CLANG_WARN_OBJC_LITERAL_CONVERSION = YES;
				CLANG_WARN_OBJC_ROOT_CLASS = YES_ERROR;
				CLANG_WARN_QUOTED_INCLUDE_IN_FRAMEWORK_HEADER = YES;
				CLANG_WARN_RANGE_LOOP_ANALYSIS = YES;
				CLANG_WARN_STRICT_PROTOTYPES = YES;
				CLANG_WARN_SUSPICIOUS_MOVE = YES;
				CLANG_WARN_UNGUARDED_AVAILABILITY = YES_AGGRESSIVE;
				CLANG_WARN_UNREACHABLE_CODE = YES;
				CLANG_WARN__DUPLICATE_METHOD_MATCH = YES;
				COPY_PHASE_STRIP = NO;
				DEBUG_INFORMATION_FORMAT = "dwarf-with-dsym";
				ENABLE_NS_ASSERTIONS = NO;
				ENABLE_STRICT_OBJC_MSGSEND = YES;
				ENABLE_USER_SCRIPT_SANDBOXING = YES;
				GCC_C_LANGUAGE_STANDARD = gnu17;
				GCC_NO_COMMON_BLOCKS = YES;
				GCC_WARN_64_TO_32_BIT_CONVERSION = YES;
				GCC_WARN_ABOUT_RETURN_TYPE = YES_ERROR;
				GCC_WARN_UNDECLARED_SELECTOR = YES;
				GCC_WARN_UNINITIALIZED_AUTOS = YES_AGGRESSIVE;
				GCC_WARN_UNUSED_FUNCTION = YES;
				GCC_WARN_UNUSED_VARIABLE = YES;
				IPHONEOS_DEPLOYMENT_TARGET = 17.2;
				LOCALIZATION_PREFERS_STRING_CATALOGS = YES;
				MTL_ENABLE_DEBUG_INFO = NO;
				MTL_FAST_MATH = YES;
				SDKROOT = iphoneos;
				SWIFT_COMPILATION_MODE = wholemodule;
				VALIDATE_PRODUCT = YES;
			};
			name = Release;
		};
		F8EECA1D2C076F620078C9B9 /* Debug */ = {
			isa = XCBuildConfiguration;
			buildSettings = {
				ASSETCATALOG_COMPILER_APPICON_NAME = AppIcon;
				ASSETCATALOG_COMPILER_GLOBAL_ACCENT_COLOR_NAME = AccentColor;
				CODE_SIGN_STYLE = Automatic;
				CURRENT_PROJECT_VERSION = 1;
				DEVELOPMENT_ASSET_PATHS = "\"DailyDoodleChallenge/Preview Content\"";
				DEVELOPMENT_TEAM = SUBZPCYPDK;
				ENABLE_PREVIEWS = YES;
				GENERATE_INFOPLIST_FILE = YES;
				INFOPLIST_KEY_NSPhotoLibraryAddUsageDescription = "";
				INFOPLIST_KEY_UIApplicationSceneManifest_Generation = YES;
				INFOPLIST_KEY_UIApplicationSupportsIndirectInputEvents = YES;
				INFOPLIST_KEY_UILaunchScreen_Generation = YES;
				INFOPLIST_KEY_UISupportedInterfaceOrientations_iPad = "UIInterfaceOrientationPortrait UIInterfaceOrientationPortraitUpsideDown UIInterfaceOrientationLandscapeLeft UIInterfaceOrientationLandscapeRight";
				INFOPLIST_KEY_UISupportedInterfaceOrientations_iPhone = "UIInterfaceOrientationPortrait UIInterfaceOrientationLandscapeLeft UIInterfaceOrientationLandscapeRight";
				LD_RUNPATH_SEARCH_PATHS = (
					"$(inherited)",
					"@executable_path/Frameworks",
				);
				MARKETING_VERSION = 1.0;
				PRODUCT_BUNDLE_IDENTIFIER = steve.DailyDoodleChallenge;
				PRODUCT_NAME = "$(TARGET_NAME)";
				SWIFT_EMIT_LOC_STRINGS = YES;
				SWIFT_VERSION = 5.0;
				TARGETED_DEVICE_FAMILY = "1,2";
			};
			name = Debug;
		};
		F8EECA1E2C076F620078C9B9 /* Release */ = {
			isa = XCBuildConfiguration;
			buildSettings = {
				ASSETCATALOG_COMPILER_APPICON_NAME = AppIcon;
				ASSETCATALOG_COMPILER_GLOBAL_ACCENT_COLOR_NAME = AccentColor;
				CODE_SIGN_STYLE = Automatic;
				CURRENT_PROJECT_VERSION = 1;
				DEVELOPMENT_ASSET_PATHS = "\"DailyDoodleChallenge/Preview Content\"";
				DEVELOPMENT_TEAM = SUBZPCYPDK;
				ENABLE_PREVIEWS = YES;
				GENERATE_INFOPLIST_FILE = YES;
				INFOPLIST_KEY_NSPhotoLibraryAddUsageDescription = "";
				INFOPLIST_KEY_UIApplicationSceneManifest_Generation = YES;
				INFOPLIST_KEY_UIApplicationSupportsIndirectInputEvents = YES;
				INFOPLIST_KEY_UILaunchScreen_Generation = YES;
				INFOPLIST_KEY_UISupportedInterfaceOrientations_iPad = "UIInterfaceOrientationPortrait UIInterfaceOrientationPortraitUpsideDown UIInterfaceOrientationLandscapeLeft UIInterfaceOrientationLandscapeRight";
				INFOPLIST_KEY_UISupportedInterfaceOrientations_iPhone = "UIInterfaceOrientationPortrait UIInterfaceOrientationLandscapeLeft UIInterfaceOrientationLandscapeRight";
				LD_RUNPATH_SEARCH_PATHS = (
					"$(inherited)",
					"@executable_path/Frameworks",
				);
				MARKETING_VERSION = 1.0;
				PRODUCT_BUNDLE_IDENTIFIER = steve.DailyDoodleChallenge;
				PRODUCT_NAME = "$(TARGET_NAME)";
				SWIFT_EMIT_LOC_STRINGS = YES;
				SWIFT_VERSION = 5.0;
				TARGETED_DEVICE_FAMILY = "1,2";
			};
			name = Release;
		};
		F8EECA202C076F620078C9B9 /* Debug */ = {
			isa = XCBuildConfiguration;
			buildSettings = {
				ALWAYS_EMBED_SWIFT_STANDARD_LIBRARIES = YES;
				BUNDLE_LOADER = "$(TEST_HOST)";
				CODE_SIGN_STYLE = Automatic;
				CURRENT_PROJECT_VERSION = 1;
				DEVELOPMENT_TEAM = SUBZPCYPDK;
				GENERATE_INFOPLIST_FILE = YES;
				IPHONEOS_DEPLOYMENT_TARGET = 17.2;
				MARKETING_VERSION = 1.0;
				PRODUCT_BUNDLE_IDENTIFIER = steve.DailyDoodleChallengeTests;
				PRODUCT_NAME = "$(TARGET_NAME)";
				SWIFT_EMIT_LOC_STRINGS = NO;
				SWIFT_VERSION = 5.0;
				TARGETED_DEVICE_FAMILY = "1,2";
				TEST_HOST = "$(BUILT_PRODUCTS_DIR)/DailyDoodleChallenge.app/$(BUNDLE_EXECUTABLE_FOLDER_PATH)/DailyDoodleChallenge";
			};
			name = Debug;
		};
		F8EECA212C076F620078C9B9 /* Release */ = {
			isa = XCBuildConfiguration;
			buildSettings = {
				ALWAYS_EMBED_SWIFT_STANDARD_LIBRARIES = YES;
				BUNDLE_LOADER = "$(TEST_HOST)";
				CODE_SIGN_STYLE = Automatic;
				CURRENT_PROJECT_VERSION = 1;
				DEVELOPMENT_TEAM = SUBZPCYPDK;
				GENERATE_INFOPLIST_FILE = YES;
				IPHONEOS_DEPLOYMENT_TARGET = 17.2;
				MARKETING_VERSION = 1.0;
				PRODUCT_BUNDLE_IDENTIFIER = steve.DailyDoodleChallengeTests;
				PRODUCT_NAME = "$(TARGET_NAME)";
				SWIFT_EMIT_LOC_STRINGS = NO;
				SWIFT_VERSION = 5.0;
				TARGETED_DEVICE_FAMILY = "1,2";
				TEST_HOST = "$(BUILT_PRODUCTS_DIR)/DailyDoodleChallenge.app/$(BUNDLE_EXECUTABLE_FOLDER_PATH)/DailyDoodleChallenge";
			};
			name = Release;
		};
		F8EECA232C076F620078C9B9 /* Debug */ = {
			isa = XCBuildConfiguration;
			buildSettings = {
				ALWAYS_EMBED_SWIFT_STANDARD_LIBRARIES = YES;
				CODE_SIGN_STYLE = Automatic;
				CURRENT_PROJECT_VERSION = 1;
				DEVELOPMENT_TEAM = SUBZPCYPDK;
				GENERATE_INFOPLIST_FILE = YES;
				MARKETING_VERSION = 1.0;
				PRODUCT_BUNDLE_IDENTIFIER = steve.DailyDoodleChallengeUITests;
				PRODUCT_NAME = "$(TARGET_NAME)";
				SWIFT_EMIT_LOC_STRINGS = NO;
				SWIFT_VERSION = 5.0;
				TARGETED_DEVICE_FAMILY = "1,2";
				TEST_TARGET_NAME = DailyDoodleChallenge;
			};
			name = Debug;
		};
		F8EECA242C076F620078C9B9 /* Release */ = {
			isa = XCBuildConfiguration;
			buildSettings = {
				ALWAYS_EMBED_SWIFT_STANDARD_LIBRARIES = YES;
				CODE_SIGN_STYLE = Automatic;
				CURRENT_PROJECT_VERSION = 1;
				DEVELOPMENT_TEAM = SUBZPCYPDK;
				GENERATE_INFOPLIST_FILE = YES;
				MARKETING_VERSION = 1.0;
				PRODUCT_BUNDLE_IDENTIFIER = steve.DailyDoodleChallengeUITests;
				PRODUCT_NAME = "$(TARGET_NAME)";
				SWIFT_EMIT_LOC_STRINGS = NO;
				SWIFT_VERSION = 5.0;
				TARGETED_DEVICE_FAMILY = "1,2";
				TEST_TARGET_NAME = DailyDoodleChallenge;
			};
			name = Release;
		};
/* End XCBuildConfiguration section */

/* Begin XCConfigurationList section */
		F8EEC9F32C076F5C0078C9B9 /* Build configuration list for PBXProject "DailyDoodleChallenge" */ = {
			isa = XCConfigurationList;
			buildConfigurations = (
				F8EECA1A2C076F620078C9B9 /* Debug */,
				F8EECA1B2C076F620078C9B9 /* Release */,
			);
			defaultConfigurationIsVisible = 0;
			defaultConfigurationName = Release;
		};
		F8EECA1C2C076F620078C9B9 /* Build configuration list for PBXNativeTarget "DailyDoodleChallenge" */ = {
			isa = XCConfigurationList;
			buildConfigurations = (
				F8EECA1D2C076F620078C9B9 /* Debug */,
				F8EECA1E2C076F620078C9B9 /* Release */,
			);
			defaultConfigurationIsVisible = 0;
			defaultConfigurationName = Release;
		};
		F8EECA1F2C076F620078C9B9 /* Build configuration list for PBXNativeTarget "DailyDoodleChallengeTests" */ = {
			isa = XCConfigurationList;
			buildConfigurations = (
				F8EECA202C076F620078C9B9 /* Debug */,
				F8EECA212C076F620078C9B9 /* Release */,
			);
			defaultConfigurationIsVisible = 0;
			defaultConfigurationName = Release;
		};
		F8EECA222C076F620078C9B9 /* Build configuration list for PBXNativeTarget "DailyDoodleChallengeUITests" */ = {
			isa = XCConfigurationList;
			buildConfigurations = (
				F8EECA232C076F620078C9B9 /* Debug */,
				F8EECA242C076F620078C9B9 /* Release */,
			);
			defaultConfigurationIsVisible = 0;
			defaultConfigurationName = Release;
		};
/* End XCConfigurationList section */
	};
	rootObject = F8EEC9F02C076F5C0078C9B9 /* Project object */;
}
